
Microsoft Visual Studio Solution File, Format Version 12.00
# Visual Studio 14
VisualStudioVersion = 14.0.25420.1
MinimumVisualStudioVersion = 10.0.40219.1
Project("{2150E333-8FDC-42A3-9474-1A3956D46DE8}") = "Solution Items", "Solution Items", "{1A6CA80C-83EB-4699-BECB-93F623DF2CE5}"
	ProjectSection(SolutionItems) = preProject
		..\Changelog.txt = ..\Changelog.txt
	EndProjectSection
EndProject
Project("{F184B08F-C81C-45F6-A57F-5ABD9991F28F}") = "YnoteVB.Base", "YnoteVB.Base\YnoteVB.Base.vbproj", "{CD438446-3BD0-438B-BA52-2BAEB28378AA}"
EndProject
Global
	GlobalSection(SolutionConfigurationPlatforms) = preSolution
		Debug|Any CPU = Debug|Any CPU
		Release|Any CPU = Release|Any CPU
	EndGlobalSection
	GlobalSection(ProjectConfigurationPlatforms) = postSolution
		{CD438446-3BD0-438B-BA52-2BAEB28378AA}.Debug|Any CPU.ActiveCfg = Debug|Any CPU
		{CD438446-3BD0-438B-BA52-2BAEB28378AA}.Debug|Any CPU.Build.0 = Debug|Any CPU
		{CD438446-3BD0-438B-BA52-2BAEB28378AA}.Release|Any CPU.ActiveCfg = Release|Any CPU
		{CD438446-3BD0-438B-BA52-2BAEB28378AA}.Release|Any CPU.Build.0 = Release|Any CPU
	EndGlobalSection
	GlobalSection(SolutionProperties) = preSolution
		HideSolutionNode = FALSE
	EndGlobalSection
EndGlobal
